
Microsoft Visual Studio Solution File, Format Version 12.00
# Visual Studio Version 17
VisualStudioVersion = 17.8.34525.116
MinimumVisualStudioVersion = 10.0.40219.1
Project("{FAE04EC0-301F-11D3-BF4B-00C04F79EFBC}") = "Luokkarekisteri", "Luokkarekisteri.csproj", "{87565A79-1F96-44D2-946B-CA258D4F5FCF}"
EndProject
Global
	GlobalSection(SolutionConfigurationPlatforms) = preSolution
		Debug|Any CPU = Debug|Any CPU
		Release|Any CPU = Release|Any CPU
	EndGlobalSection
	GlobalSection(ProjectConfigurationPlatforms) = postSolution
		{87565A79-1F96-44D2-946B-CA258D4F5FCF}.Debug|Any CPU.ActiveCfg = Debug|Any CPU
		{87565A79-1F96-44D2-946B-CA258D4F5FCF}.Debug|Any CPU.Build.0 = Debug|Any CPU
		{87565A79-1F96-44D2-946B-CA258D4F5FCF}.Release|Any CPU.ActiveCfg = Release|Any CPU
		{87565A79-1F96-44D2-946B-CA258D4F5FCF}.Release|Any CPU.Build.0 = Release|Any CPU
	EndGlobalSection
	GlobalSection(SolutionProperties) = preSolution
		HideSolutionNode = FALSE
	EndGlobalSection
	GlobalSection(ExtensibilityGlobals) = postSolution
		SolutionGuid = {9CC365C5-4FE8-46D9-B500-CDAC0A22667E}
	EndGlobalSection
EndGlobal
